
Microsoft Visual Studio Solution File, Format Version 12.00
# Visual Studio Version 17
VisualStudioVersion = 17.13.35617.110 d17.13
MinimumVisualStudioVersion = 10.0.40219.1
Project("{8BC9CEB8-8B4A-11D0-8D11-00A0C91BC942}") = "CarbonLauncher", "CarbonLauncher\CarbonLauncher.vcxproj", "{230D5C59-98A3-4D0E-BB0B-24DC0197CE18}"
EndProject
Global
	GlobalSection(SolutionConfigurationPlatforms) = preSolution
		Debug|x64 = Debug|x64
		Debug|x86 = Debug|x86
		Release|x64 = Release|x64
		Release|x86 = Release|x86
	EndGlobalSection
	GlobalSection(ProjectConfigurationPlatforms) = postSolution
		{230D5C59-98A3-4D0E-BB0B-24DC0197CE18}.Debug|x64.ActiveCfg = Debug|x64
		{230D5C59-98A3-4D0E-BB0B-24DC0197CE18}.Debug|x64.Build.0 = Debug|x64
		{230D5C59-98A3-4D0E-BB0B-24DC0197CE18}.Debug|x86.ActiveCfg = Debug|Win32
		{230D5C59-98A3-4D0E-BB0B-24DC0197CE18}.Debug|x86.Build.0 = Debug|Win32
		{230D5C59-98A3-4D0E-BB0B-24DC0197CE18}.Release|x64.ActiveCfg = Release|x64
		{230D5C59-98A3-4D0E-BB0B-24DC0197CE18}.Release|x64.Build.0 = Release|x64
		{230D5C59-98A3-4D0E-BB0B-24DC0197CE18}.Release|x86.ActiveCfg = Release|Win32
		{230D5C59-98A3-4D0E-BB0B-24DC0197CE18}.Release|x86.Build.0 = Release|Win32
	EndGlobalSection
	GlobalSection(SolutionProperties) = preSolution
		HideSolutionNode = FALSE
	EndGlobalSection
	GlobalSection(ExtensibilityGlobals) = postSolution
		SolutionGuid = {33E5B11C-11AF-48F2-BB88-2629B65B6448}
	EndGlobalSection
EndGlobal
